
Microsoft Visual Studio Solution File, Format Version 12.00
# Visual Studio Version 17
VisualStudioVersion = 17.8.34525.116
MinimumVisualStudioVersion = 10.0.40219.1
Project("{FAE04EC0-301F-11D3-BF4B-00C04F79EFBC}") = "TaskManager.API", "TaskManager.API.csproj", "{DC022B7A-E248-4D02-82CD-76633E43C741}"
EndProject
Project("{FAE04EC0-301F-11D3-BF4B-00C04F79EFBC}") = "TaskManager.Communication", "..\TaskManager.Communication\TaskManager.Communication.csproj", "{4219AF7E-60BE-49D4-9986-C7701534AA3D}"
EndProject
Project("{FAE04EC0-301F-11D3-BF4B-00C04F79EFBC}") = "TaskManager.Application", "..\TaskManager.Application\TaskManager.Application.csproj", "{3FC71A0B-00A2-463E-BD66-12EC1D2ACD31}"
EndProject
Global
	GlobalSection(SolutionConfigurationPlatforms) = preSolution
		Debug|Any CPU = Debug|Any CPU
		Release|Any CPU = Release|Any CPU
	EndGlobalSection
	GlobalSection(ProjectConfigurationPlatforms) = postSolution
		{DC022B7A-E248-4D02-82CD-76633E43C741}.Debug|Any CPU.ActiveCfg = Debug|Any CPU
		{DC022B7A-E248-4D02-82CD-76633E43C741}.Debug|Any CPU.Build.0 = Debug|Any CPU
		{DC022B7A-E248-4D02-82CD-76633E43C741}.Release|Any CPU.ActiveCfg = Release|Any CPU
		{DC022B7A-E248-4D02-82CD-76633E43C741}.Release|Any CPU.Build.0 = Release|Any CPU
		{4219AF7E-60BE-49D4-9986-C7701534AA3D}.Debug|Any CPU.ActiveCfg = Debug|Any CPU
		{4219AF7E-60BE-49D4-9986-C7701534AA3D}.Debug|Any CPU.Build.0 = Debug|Any CPU
		{4219AF7E-60BE-49D4-9986-C7701534AA3D}.Release|Any CPU.ActiveCfg = Release|Any CPU
		{4219AF7E-60BE-49D4-9986-C7701534AA3D}.Release|Any CPU.Build.0 = Release|Any CPU
		{3FC71A0B-00A2-463E-BD66-12EC1D2ACD31}.Debug|Any CPU.ActiveCfg = Debug|Any CPU
		{3FC71A0B-00A2-463E-BD66-12EC1D2ACD31}.Debug|Any CPU.Build.0 = Debug|Any CPU
		{3FC71A0B-00A2-463E-BD66-12EC1D2ACD31}.Release|Any CPU.ActiveCfg = Release|Any CPU
		{3FC71A0B-00A2-463E-BD66-12EC1D2ACD31}.Release|Any CPU.Build.0 = Release|Any CPU
	EndGlobalSection
	GlobalSection(SolutionProperties) = preSolution
		HideSolutionNode = FALSE
	EndGlobalSection
	GlobalSection(ExtensibilityGlobals) = postSolution
		SolutionGuid = {21700A5A-DBCD-4C80-A89D-D3F9EEC81FE0}
	EndGlobalSection
EndGlobal
